
Microsoft Visual Studio Solution File, Format Version 12.00
# Visual Studio Version 17
VisualStudioVersion = 17.0.32014.148
MinimumVisualStudioVersion = 10.0.40219.1
Project("{8BC9CEB8-8B4A-11D0-8D11-00A0C91BC942}") = "test7", "test7.vcxproj", "{88EB6143-3972-403D-BF22-FB95469C74AB}"
EndProject
Global
	GlobalSection(SolutionConfigurationPlatforms) = preSolution
		Debug|x64 = Debug|x64
		Debug|x86 = Debug|x86
		Release|x64 = Release|x64
		Release|x86 = Release|x86
	EndGlobalSection
	GlobalSection(ProjectConfigurationPlatforms) = postSolution
		{88EB6143-3972-403D-BF22-FB95469C74AB}.Debug|x64.ActiveCfg = Debug|x64
		{88EB6143-3972-403D-BF22-FB95469C74AB}.Debug|x64.Build.0 = Debug|x64
		{88EB6143-3972-403D-BF22-FB95469C74AB}.Debug|x86.ActiveCfg = Debug|Win32
		{88EB6143-3972-403D-BF22-FB95469C74AB}.Debug|x86.Build.0 = Debug|Win32
		{88EB6143-3972-403D-BF22-FB95469C74AB}.Release|x64.ActiveCfg = Release|x64
		{88EB6143-3972-403D-BF22-FB95469C74AB}.Release|x64.Build.0 = Release|x64
		{88EB6143-3972-403D-BF22-FB95469C74AB}.Release|x86.ActiveCfg = Release|Win32
		{88EB6143-3972-403D-BF22-FB95469C74AB}.Release|x86.Build.0 = Release|Win32
	EndGlobalSection
	GlobalSection(SolutionProperties) = preSolution
		HideSolutionNode = FALSE
	EndGlobalSection
	GlobalSection(ExtensibilityGlobals) = postSolution
		SolutionGuid = {43EC28F3-C045-4AA4-BE56-DE9AA1703A8B}
	EndGlobalSection
EndGlobal
